
Microsoft Visual Studio Solution File, Format Version 12.00
# Visual Studio Version 16
VisualStudioVersion = 16.0.31005.135
MinimumVisualStudioVersion = 10.0.40219.1
Project("{FAE04EC0-301F-11D3-BF4B-00C04F79EFBC}") = "LibraryCult", "LibraryCult\LibraryCult.csproj", "{6CFF7DA3-CBEA-47B7-A77D-E96049613E0B}"
EndProject
Global
	GlobalSection(SolutionConfigurationPlatforms) = preSolution
		Debug|Any CPU = Debug|Any CPU
		Release|Any CPU = Release|Any CPU
	EndGlobalSection
	GlobalSection(ProjectConfigurationPlatforms) = postSolution
		{6CFF7DA3-CBEA-47B7-A77D-E96049613E0B}.Debug|Any CPU.ActiveCfg = Debug|Any CPU
		{6CFF7DA3-CBEA-47B7-A77D-E96049613E0B}.Debug|Any CPU.Build.0 = Debug|Any CPU
		{6CFF7DA3-CBEA-47B7-A77D-E96049613E0B}.Release|Any CPU.ActiveCfg = Release|Any CPU
		{6CFF7DA3-CBEA-47B7-A77D-E96049613E0B}.Release|Any CPU.Build.0 = Release|Any CPU
	EndGlobalSection
	GlobalSection(SolutionProperties) = preSolution
		HideSolutionNode = FALSE
	EndGlobalSection
	GlobalSection(ExtensibilityGlobals) = postSolution
		SolutionGuid = {7345DAE1-6AE8-47D2-9122-401F89058493}
	EndGlobalSection
EndGlobal
